
Microsoft Visual Studio Solution File, Format Version 12.00
# Visual Studio 15
VisualStudioVersion = 15.0.28307.1401
MinimumVisualStudioVersion = 10.0.40219.1
Project("{FAE04EC0-301F-11D3-BF4B-00C04F79EFBC}") = "School_Platform", "WebApplication1\School_Platform.csproj", "{673BAD8D-F4EE-4CB4-AE1C-1D8B0E97DF7B}"
EndProject
Global
	GlobalSection(SolutionConfigurationPlatforms) = preSolution
		Debug|Any CPU = Debug|Any CPU
		Release|Any CPU = Release|Any CPU
	EndGlobalSection
	GlobalSection(ProjectConfigurationPlatforms) = postSolution
		{673BAD8D-F4EE-4CB4-AE1C-1D8B0E97DF7B}.Debug|Any CPU.ActiveCfg = Debug|Any CPU
		{673BAD8D-F4EE-4CB4-AE1C-1D8B0E97DF7B}.Debug|Any CPU.Build.0 = Debug|Any CPU
		{673BAD8D-F4EE-4CB4-AE1C-1D8B0E97DF7B}.Release|Any CPU.ActiveCfg = Release|Any CPU
		{673BAD8D-F4EE-4CB4-AE1C-1D8B0E97DF7B}.Release|Any CPU.Build.0 = Release|Any CPU
	EndGlobalSection
	GlobalSection(SolutionProperties) = preSolution
		HideSolutionNode = FALSE
	EndGlobalSection
	GlobalSection(ExtensibilityGlobals) = postSolution
		SolutionGuid = {9D196B97-48D5-4DB2-859B-93B818ED5F5F}
	EndGlobalSection
EndGlobal
